
Microsoft Visual Studio Solution File, Format Version 12.00
# Visual Studio Version 17
VisualStudioVersion = 17.5.33530.505
MinimumVisualStudioVersion = 10.0.40219.1
Project("{9A19103F-16F7-4668-BE54-9A1E7A4F7556}") = "TradingEngineServer", "TradingEngineServer\TradingEngineServer.csproj", "{5E6C4082-983A-4899-A972-391188CACC15}"
EndProject
Project("{9A19103F-16F7-4668-BE54-9A1E7A4F7556}") = "Logging", "LoggingCS\Logging.csproj", "{35BD2803-DB96-40DF-A556-F57E8175C9E7}"
EndProject
Global
	GlobalSection(SolutionConfigurationPlatforms) = preSolution
		Debug|Any CPU = Debug|Any CPU
		Release|Any CPU = Release|Any CPU
	EndGlobalSection
	GlobalSection(ProjectConfigurationPlatforms) = postSolution
		{5E6C4082-983A-4899-A972-391188CACC15}.Debug|Any CPU.ActiveCfg = Debug|Any CPU
		{5E6C4082-983A-4899-A972-391188CACC15}.Debug|Any CPU.Build.0 = Debug|Any CPU
		{5E6C4082-983A-4899-A972-391188CACC15}.Release|Any CPU.ActiveCfg = Release|Any CPU
		{5E6C4082-983A-4899-A972-391188CACC15}.Release|Any CPU.Build.0 = Release|Any CPU
		{35BD2803-DB96-40DF-A556-F57E8175C9E7}.Debug|Any CPU.ActiveCfg = Debug|Any CPU
		{35BD2803-DB96-40DF-A556-F57E8175C9E7}.Debug|Any CPU.Build.0 = Debug|Any CPU
		{35BD2803-DB96-40DF-A556-F57E8175C9E7}.Release|Any CPU.ActiveCfg = Release|Any CPU
		{35BD2803-DB96-40DF-A556-F57E8175C9E7}.Release|Any CPU.Build.0 = Release|Any CPU
	EndGlobalSection
	GlobalSection(SolutionProperties) = preSolution
		HideSolutionNode = FALSE
	EndGlobalSection
	GlobalSection(ExtensibilityGlobals) = postSolution
		SolutionGuid = {3FFD880D-D7D5-464F-8BDE-B0AD427D99BE}
	EndGlobalSection
EndGlobal
